
Microsoft Visual Studio Solution File, Format Version 12.00
Project("{FAE04EC0-301F-11D3-BF4B-00C04F79EFBC}") = "Interpreter", "Interpreter\Interpreter.csproj", "{73265E51-3238-4DBB-BCA7-CA3D8A35E211}"
EndProject
Project("{FAE04EC0-301F-11D3-BF4B-00C04F79EFBC}") = "Interpreter.Domain", "Interpreter.Domain\Interpreter.Domain.csproj", "{E6AEB09F-4249-4990-86F9-286400C92ECC}"
EndProject
Project("{FAE04EC0-301F-11D3-BF4B-00C04F79EFBC}") = "Interpreter.Lexer", "Interpreter.Lexer\Interpreter.Lexer.csproj", "{785EC90C-3626-4C24-A763-67720B152131}"
EndProject
Project("{FAE04EC0-301F-11D3-BF4B-00C04F79EFBC}") = "Interpreter.Parser", "Interpreter.Parser\Interpreter.Parser.csproj", "{476170F9-B0B4-4A1B-8C4F-A77793CD1DA9}"
EndProject
Global
	GlobalSection(SolutionConfigurationPlatforms) = preSolution
		Debug|Any CPU = Debug|Any CPU
		Release|Any CPU = Release|Any CPU
	EndGlobalSection
	GlobalSection(ProjectConfigurationPlatforms) = postSolution
		{73265E51-3238-4DBB-BCA7-CA3D8A35E211}.Debug|Any CPU.ActiveCfg = Debug|Any CPU
		{73265E51-3238-4DBB-BCA7-CA3D8A35E211}.Debug|Any CPU.Build.0 = Debug|Any CPU
		{73265E51-3238-4DBB-BCA7-CA3D8A35E211}.Release|Any CPU.ActiveCfg = Release|Any CPU
		{73265E51-3238-4DBB-BCA7-CA3D8A35E211}.Release|Any CPU.Build.0 = Release|Any CPU
		{E6AEB09F-4249-4990-86F9-286400C92ECC}.Debug|Any CPU.ActiveCfg = Debug|Any CPU
		{E6AEB09F-4249-4990-86F9-286400C92ECC}.Debug|Any CPU.Build.0 = Debug|Any CPU
		{E6AEB09F-4249-4990-86F9-286400C92ECC}.Release|Any CPU.ActiveCfg = Release|Any CPU
		{E6AEB09F-4249-4990-86F9-286400C92ECC}.Release|Any CPU.Build.0 = Release|Any CPU
		{785EC90C-3626-4C24-A763-67720B152131}.Debug|Any CPU.ActiveCfg = Debug|Any CPU
		{785EC90C-3626-4C24-A763-67720B152131}.Debug|Any CPU.Build.0 = Debug|Any CPU
		{785EC90C-3626-4C24-A763-67720B152131}.Release|Any CPU.ActiveCfg = Release|Any CPU
		{785EC90C-3626-4C24-A763-67720B152131}.Release|Any CPU.Build.0 = Release|Any CPU
		{476170F9-B0B4-4A1B-8C4F-A77793CD1DA9}.Debug|Any CPU.ActiveCfg = Debug|Any CPU
		{476170F9-B0B4-4A1B-8C4F-A77793CD1DA9}.Debug|Any CPU.Build.0 = Debug|Any CPU
		{476170F9-B0B4-4A1B-8C4F-A77793CD1DA9}.Release|Any CPU.ActiveCfg = Release|Any CPU
		{476170F9-B0B4-4A1B-8C4F-A77793CD1DA9}.Release|Any CPU.Build.0 = Release|Any CPU
	EndGlobalSection
EndGlobal
